// !$*UTF8*$!
{
	archiveVersion = 1;
	classes = {
	};
	objectVersion = 46;
	objects = {

/* Begin PBXBuildFile section */
		3F5A9F761DEC568A00374A0E /* ApiConfig.m in Sources */ = {isa = PBXBuildFile; fileRef = 3F5A9F751DEC568A00374A0E /* ApiConfig.m */; };
		3F5A9F791DEC5C4400374A0E /* AppContext.m in Sources */ = {isa = PBXBuildFile; fileRef = 3F5A9F781DEC5C4400374A0E /* AppContext.m */; };
		3FEC43331DCDCF920020FBDB /* CurrencyViewController.xib in Resources */ = {isa = PBXBuildFile; fileRef = 3FEC43321DCDCF920020FBDB /* CurrencyViewController.xib */; };
		3FEC43411DCDECC70020FBDB /* TableViewController.m in Sources */ = {isa = PBXBuildFile; fileRef = 3FEC433F1DCDECC70020FBDB /* TableViewController.m */; };
		3FEC43421DCDECC70020FBDB /* TableViewController.xib in Resources */ = {isa = PBXBuildFile; fileRef = 3FEC43401DCDECC70020FBDB /* TableViewController.xib */; };
		5D0AD2E71DD9277800A55AC3 /* CurrencyModel.m in Sources */ = {isa = PBXBuildFile; fileRef = 5D0AD2E61DD9277800A55AC3 /* CurrencyModel.m */; };
		5D0AD2EA1DD92D9800A55AC3 /* CurrencyManager.m in Sources */ = {isa = PBXBuildFile; fileRef = 5D0AD2E91DD92D9800A55AC3 /* CurrencyManager.m */; };
		5D0AD2ED1DD9363200A55AC3 /* DataSource.m in Sources */ = {isa = PBXBuildFile; fileRef = 5D0AD2EC1DD9363200A55AC3 /* DataSource.m */; };
		5D5070DB1DDE622300395B09 /* RootWindow.m in Sources */ = {isa = PBXBuildFile; fileRef = 5D5070DA1DDE622300395B09 /* RootWindow.m */; };
		5D90EADE1DCD4F7000323819 /* MyUITextField.m in Sources */ = {isa = PBXBuildFile; fileRef = 5D90EADD1DCD4F7000323819 /* MyUITextField.m */; };
		5DE6F8491DC65AD1001DC7A5 /* main.m in Sources */ = {isa = PBXBuildFile; fileRef = 5DE6F8481DC65AD1001DC7A5 /* main.m */; };
		5DE6F84C1DC65AD1001DC7A5 /* AppDelegate.m in Sources */ = {isa = PBXBuildFile; fileRef = 5DE6F84B1DC65AD1001DC7A5 /* AppDelegate.m */; };
		5DE6F8541DC65AD1001DC7A5 /* Assets.xcassets in Resources */ = {isa = PBXBuildFile; fileRef = 5DE6F8531DC65AD1001DC7A5 /* Assets.xcassets */; };
		5DE6F8571DC65AD1001DC7A5 /* LaunchScreen.storyboard in Resources */ = {isa = PBXBuildFile; fileRef = 5DE6F8551DC65AD1001DC7A5 /* LaunchScreen.storyboard */; };
		5DE6F8621DC65AD2001DC7A5 /* CurrencyConverterTests.m in Sources */ = {isa = PBXBuildFile; fileRef = 5DE6F8611DC65AD2001DC7A5 /* CurrencyConverterTests.m */; };
		5DE6F86D1DC65AD2001DC7A5 /* CurrencyConverterUITests.m in Sources */ = {isa = PBXBuildFile; fileRef = 5DE6F86C1DC65AD2001DC7A5 /* CurrencyConverterUITests.m */; };
		5DE6F87C1DC65B8F001DC7A5 /* UIKit.framework in Frameworks */ = {isa = PBXBuildFile; fileRef = 5DE6F87B1DC65B8F001DC7A5 /* UIKit.framework */; };
		5DE6F8801DC65FF5001DC7A5 /* CurrencyViewController.m in Sources */ = {isa = PBXBuildFile; fileRef = 5DE6F87F1DC65FF5001DC7A5 /* CurrencyViewController.m */; };
		8432D78C1DF45BA600A24245 /* HIstoryCurrencyRates.m in Sources */ = {isa = PBXBuildFile; fileRef = 8432D78A1DF45BA500A24245 /* HIstoryCurrencyRates.m */; };
		8432D78D1DF45BA600A24245 /* HIstoryCurrencyRates.xib in Resources */ = {isa = PBXBuildFile; fileRef = 8432D78B1DF45BA500A24245 /* HIstoryCurrencyRates.xib */; };
		8432D7901DF4607500A24245 /* HystoryCurrencyManager.m in Sources */ = {isa = PBXBuildFile; fileRef = 8432D78F1DF4607500A24245 /* HystoryCurrencyManager.m */; };
		84404AAB1DEDAA6D002A6A07 /* ApiHelper.m in Sources */ = {isa = PBXBuildFile; fileRef = 84404AAA1DEDAA6D002A6A07 /* ApiHelper.m */; };
		84404AAD1DEDAC4A002A6A07 /* config.plist in Resources */ = {isa = PBXBuildFile; fileRef = 84404AAC1DEDAC4A002A6A07 /* config.plist */; };
/* End PBXBuildFile section */

/* Begin PBXContainerItemProxy section */
		5DE6F85E1DC65AD2001DC7A5 /* PBXContainerItemProxy */ = {
			isa = PBXContainerItemProxy;
			containerPortal = 5DE6F83C1DC65AD1001DC7A5 /* Project object */;
			proxyType = 1;
			remoteGlobalIDString = 5DE6F8431DC65AD1001DC7A5;
			remoteInfo = CurrencyConverter;
		};
		5DE6F8691DC65AD2001DC7A5 /* PBXContainerItemProxy */ = {
			isa = PBXContainerItemProxy;
			containerPortal = 5DE6F83C1DC65AD1001DC7A5 /* Project object */;
			proxyType = 1;
			remoteGlobalIDString = 5DE6F8431DC65AD1001DC7A5;
			remoteInfo = CurrencyConverter;
		};
/* End PBXContainerItemProxy section */

/* Begin PBXFileReference section */
		3F5A9F741DEC568A00374A0E /* ApiConfig.h */ = {isa = PBXFileReference; fileEncoding = 4; lastKnownFileType = sourcecode.c.h; name = ApiConfig.h; path = Config/ApiConfig.h; sourceTree = "<group>"; };
		3F5A9F751DEC568A00374A0E /* ApiConfig.m */ = {isa = PBXFileReference; fileEncoding = 4; lastKnownFileType = sourcecode.c.objc; name = ApiConfig.m; path = Config/ApiConfig.m; sourceTree = "<group>"; };
		3F5A9F771DEC5C4400374A0E /* AppContext.h */ = {isa = PBXFileReference; fileEncoding = 4; lastKnownFileType = sourcecode.c.h; path = AppContext.h; sourceTree = "<group>"; };
		3F5A9F781DEC5C4400374A0E /* AppContext.m */ = {isa = PBXFileReference; fileEncoding = 4; lastKnownFileType = sourcecode.c.objc; path = AppContext.m; sourceTree = "<group>"; };
		3FEC43321DCDCF920020FBDB /* CurrencyViewController.xib */ = {isa = PBXFileReference; fileEncoding = 4; lastKnownFileType = file.xib; path = CurrencyViewController.xib; sourceTree = "<group>"; };
		3FEC433E1DCDECC70020FBDB /* TableViewController.h */ = {isa = PBXFileReference; fileEncoding = 4; lastKnownFileType = sourcecode.c.h; path = TableViewController.h; sourceTree = "<group>"; };
		3FEC433F1DCDECC70020FBDB /* TableViewController.m */ = {isa = PBXFileReference; fileEncoding = 4; lastKnownFileType = sourcecode.c.objc; path = TableViewController.m; sourceTree = "<group>"; };
		3FEC43401DCDECC70020FBDB /* TableViewController.xib */ = {isa = PBXFileReference; fileEncoding = 4; lastKnownFileType = file.xib; path = TableViewController.xib; sourceTree = "<group>"; };
		5D0AD2E51DD9277800A55AC3 /* CurrencyModel.h */ = {isa = PBXFileReference; fileEncoding = 4; lastKnownFileType = sourcecode.c.h; name = CurrencyModel.h; path = models/CurrencyModel.h; sourceTree = "<group>"; };
		5D0AD2E61DD9277800A55AC3 /* CurrencyModel.m */ = {isa = PBXFileReference; fileEncoding = 4; lastKnownFileType = sourcecode.c.objc; name = CurrencyModel.m; path = models/CurrencyModel.m; sourceTree = "<group>"; };
		5D0AD2E81DD92D9800A55AC3 /* CurrencyManager.h */ = {isa = PBXFileReference; fileEncoding = 4; lastKnownFileType = sourcecode.c.h; name = CurrencyManager.h; path = Manager/CurrencyManager.h; sourceTree = "<group>"; };
		5D0AD2E91DD92D9800A55AC3 /* CurrencyManager.m */ = {isa = PBXFileReference; fileEncoding = 4; lastKnownFileType = sourcecode.c.objc; name = CurrencyManager.m; path = Manager/CurrencyManager.m; sourceTree = "<group>"; };
		5D0AD2EB1DD9363200A55AC3 /* DataSource.h */ = {isa = PBXFileReference; fileEncoding = 4; lastKnownFileType = sourcecode.c.h; path = DataSource.h; sourceTree = "<group>"; };
		5D0AD2EC1DD9363200A55AC3 /* DataSource.m */ = {isa = PBXFileReference; fileEncoding = 4; lastKnownFileType = sourcecode.c.objc; path = DataSource.m; sourceTree = "<group>"; };
		5D5070D91DDE622300395B09 /* RootWindow.h */ = {isa = PBXFileReference; fileEncoding = 4; lastKnownFileType = sourcecode.c.h; name = RootWindow.h; path = RootWindow/RootWindow.h; sourceTree = "<group>"; };
		5D5070DA1DDE622300395B09 /* RootWindow.m */ = {isa = PBXFileReference; fileEncoding = 4; lastKnownFileType = sourcecode.c.objc; name = RootWindow.m; path = RootWindow/RootWindow.m; sourceTree = "<group>"; };
		5D90EADC1DCD4F7000323819 /* MyUITextField.h */ = {isa = PBXFileReference; fileEncoding = 4; lastKnownFileType = sourcecode.c.h; path = MyUITextField.h; sourceTree = "<group>"; };
		5D90EADD1DCD4F7000323819 /* MyUITextField.m */ = {isa = PBXFileReference; fileEncoding = 4; lastKnownFileType = sourcecode.c.objc; path = MyUITextField.m; sourceTree = "<group>"; };
		5DE6F8441DC65AD1001DC7A5 /* CurrencyConverter.app */ = {isa = PBXFileReference; explicitFileType = wrapper.application; includeInIndex = 0; path = CurrencyConverter.app; sourceTree = BUILT_PRODUCTS_DIR; };
		5DE6F8481DC65AD1001DC7A5 /* main.m */ = {isa = PBXFileReference; lastKnownFileType = sourcecode.c.objc; path = main.m; sourceTree = "<group>"; };
		5DE6F84A1DC65AD1001DC7A5 /* AppDelegate.h */ = {isa = PBXFileReference; lastKnownFileType = sourcecode.c.h; path = AppDelegate.h; sourceTree = "<group>"; };
		5DE6F84B1DC65AD1001DC7A5 /* AppDelegate.m */ = {isa = PBXFileReference; lastKnownFileType = sourcecode.c.objc; path = AppDelegate.m; sourceTree = "<group>"; };
		5DE6F8531DC65AD1001DC7A5 /* Assets.xcassets */ = {isa = PBXFileReference; lastKnownFileType = folder.assetcatalog; path = Assets.xcassets; sourceTree = "<group>"; };
		5DE6F8561DC65AD1001DC7A5 /* Base */ = {isa = PBXFileReference; lastKnownFileType = file.storyboard; name = Base; path = Base.lproj/LaunchScreen.storyboard; sourceTree = "<group>"; };
		5DE6F8581DC65AD1001DC7A5 /* Info.plist */ = {isa = PBXFileReference; lastKnownFileType = text.plist.xml; path = Info.plist; sourceTree = "<group>"; };
		5DE6F85D1DC65AD2001DC7A5 /* CurrencyConverterTests.xctest */ = {isa = PBXFileReference; explicitFileType = wrapper.cfbundle; includeInIndex = 0; path = CurrencyConverterTests.xctest; sourceTree = BUILT_PRODUCTS_DIR; };
		5DE6F8611DC65AD2001DC7A5 /* CurrencyConverterTests.m */ = {isa = PBXFileReference; lastKnownFileType = sourcecode.c.objc; path = CurrencyConverterTests.m; sourceTree = "<group>"; };
		5DE6F8631DC65AD2001DC7A5 /* Info.plist */ = {isa = PBXFileReference; lastKnownFileType = text.plist.xml; path = Info.plist; sourceTree = "<group>"; };
		5DE6F8681DC65AD2001DC7A5 /* CurrencyConverterUITests.xctest */ = {isa = PBXFileReference; explicitFileType = wrapper.cfbundle; includeInIndex = 0; path = CurrencyConverterUITests.xctest; sourceTree = BUILT_PRODUCTS_DIR; };
		5DE6F86C1DC65AD2001DC7A5 /* CurrencyConverterUITests.m */ = {isa = PBXFileReference; lastKnownFileType = sourcecode.c.objc; path = CurrencyConverterUITests.m; sourceTree = "<group>"; };
		5DE6F86E1DC65AD2001DC7A5 /* Info.plist */ = {isa = PBXFileReference; lastKnownFileType = text.plist.xml; path = Info.plist; sourceTree = "<group>"; };
		5DE6F87B1DC65B8F001DC7A5 /* UIKit.framework */ = {isa = PBXFileReference; lastKnownFileType = wrapper.framework; name = UIKit.framework; path = System/Library/Frameworks/UIKit.framework; sourceTree = SDKROOT; };
		5DE6F87E1DC65FF5001DC7A5 /* CurrencyViewController.h */ = {isa = PBXFileReference; fileEncoding = 4; lastKnownFileType = sourcecode.c.h; path = CurrencyViewController.h; sourceTree = "<group>"; };
		5DE6F87F1DC65FF5001DC7A5 /* CurrencyViewController.m */ = {isa = PBXFileReference; fileEncoding = 4; lastKnownFileType = sourcecode.c.objc; path = CurrencyViewController.m; sourceTree = "<group>"; };
		5DEDDEC21DCFAEEB005E2A02 /* MyTableViewControllerProtocol.h */ = {isa = PBXFileReference; fileEncoding = 4; lastKnownFileType = sourcecode.c.h; path = MyTableViewControllerProtocol.h; sourceTree = "<group>"; };
		8432D7891DF45BA500A24245 /* HIstoryCurrencyRates.h */ = {isa = PBXFileReference; fileEncoding = 4; lastKnownFileType = sourcecode.c.h; path = HIstoryCurrencyRates.h; sourceTree = "<group>"; };
		8432D78A1DF45BA500A24245 /* HIstoryCurrencyRates.m */ = {isa = PBXFileReference; fileEncoding = 4; lastKnownFileType = sourcecode.c.objc; path = HIstoryCurrencyRates.m; sourceTree = "<group>"; };
		8432D78B1DF45BA500A24245 /* HIstoryCurrencyRates.xib */ = {isa = PBXFileReference; fileEncoding = 4; lastKnownFileType = file.xib; path = HIstoryCurrencyRates.xib; sourceTree = "<group>"; };
		8432D78E1DF4607500A24245 /* HystoryCurrencyManager.h */ = {isa = PBXFileReference; fileEncoding = 4; lastKnownFileType = sourcecode.c.h; path = HystoryCurrencyManager.h; sourceTree = "<group>"; };
		8432D78F1DF4607500A24245 /* HystoryCurrencyManager.m */ = {isa = PBXFileReference; fileEncoding = 4; lastKnownFileType = sourcecode.c.objc; path = HystoryCurrencyManager.m; sourceTree = "<group>"; };
		84404AA91DEDAA6D002A6A07 /* ApiHelper.h */ = {isa = PBXFileReference; fileEncoding = 4; lastKnownFileType = sourcecode.c.h; path = ApiHelper.h; sourceTree = "<group>"; };
		84404AAA1DEDAA6D002A6A07 /* ApiHelper.m */ = {isa = PBXFileReference; fileEncoding = 4; lastKnownFileType = sourcecode.c.objc; path = ApiHelper.m; sourceTree = "<group>"; };
		84404AAC1DEDAC4A002A6A07 /* config.plist */ = {isa = PBXFileReference; fileEncoding = 4; lastKnownFileType = text.plist.xml; path = config.plist; sourceTree = "<group>"; };
/* End PBXFileReference section */

/* Begin PBXFrameworksBuildPhase section */
		5DE6F8411DC65AD1001DC7A5 /* Frameworks */ = {
			isa = PBXFrameworksBuildPhase;
			buildActionMask = 2147483647;
			files = (
				5DE6F87C1DC65B8F001DC7A5 /* UIKit.framework in Frameworks */,
			);
			runOnlyForDeploymentPostprocessing = 0;
		};
		5DE6F85A1DC65AD2001DC7A5 /* Frameworks */ = {
			isa = PBXFrameworksBuildPhase;
			buildActionMask = 2147483647;
			files = (
			);
			runOnlyForDeploymentPostprocessing = 0;
		};
		5DE6F8651DC65AD2001DC7A5 /* Frameworks */ = {
			isa = PBXFrameworksBuildPhase;
			buildActionMask = 2147483647;
			files = (
			);
			runOnlyForDeploymentPostprocessing = 0;
		};
/* End PBXFrameworksBuildPhase section */

/* Begin PBXGroup section */
		3F5A9F731DEC565300374A0E /* Config */ = {
			isa = PBXGroup;
			children = (
				3F5A9F741DEC568A00374A0E /* ApiConfig.h */,
				3F5A9F751DEC568A00374A0E /* ApiConfig.m */,
				84404AAC1DEDAC4A002A6A07 /* config.plist */,
			);
			name = Config;
			sourceTree = "<group>";
		};
		5D0AD2E41DD9208A00A55AC3 /* Models */ = {
			isa = PBXGroup;
			children = (
				5D0AD2E51DD9277800A55AC3 /* CurrencyModel.h */,
				5D0AD2E61DD9277800A55AC3 /* CurrencyModel.m */,
				8432D78E1DF4607500A24245 /* HystoryCurrencyManager.h */,
				8432D78F1DF4607500A24245 /* HystoryCurrencyManager.m */,
			);
			name = Models;
			sourceTree = "<group>";
		};
		5DD338E21DE62F0000998202 /* network */ = {
			isa = PBXGroup;
			children = (
				84404AA91DEDAA6D002A6A07 /* ApiHelper.h */,
				84404AAA1DEDAA6D002A6A07 /* ApiHelper.m */,
			);
			name = network;
			sourceTree = "<group>";
		};
		5DE6F83B1DC65AD1001DC7A5 = {
			isa = PBXGroup;
			children = (
				5DE6F8461DC65AD1001DC7A5 /* CurrencyConverter */,
				5DE6F8601DC65AD2001DC7A5 /* CurrencyConverterTests */,
				5DE6F86B1DC65AD2001DC7A5 /* CurrencyConverterUITests */,
				5DE6F8451DC65AD1001DC7A5 /* Products */,
				5DE6F87A1DC65B8F001DC7A5 /* Frameworks */,
			);
			sourceTree = "<group>";
		};
		5DE6F8451DC65AD1001DC7A5 /* Products */ = {
			isa = PBXGroup;
			children = (
				5DE6F8441DC65AD1001DC7A5 /* CurrencyConverter.app */,
				5DE6F85D1DC65AD2001DC7A5 /* CurrencyConverterTests.xctest */,
				5DE6F8681DC65AD2001DC7A5 /* CurrencyConverterUITests.xctest */,
			);
			name = Products;
			sourceTree = "<group>";
		};
		5DE6F8461DC65AD1001DC7A5 /* CurrencyConverter */ = {
			isa = PBXGroup;
			children = (
				3F5A9F731DEC565300374A0E /* Config */,
				5D0AD2E41DD9208A00A55AC3 /* Models */,
				5DD338E21DE62F0000998202 /* network */,
				5DE6F87D1DC65FB6001DC7A5 /* UI */,
				5DE6F84A1DC65AD1001DC7A5 /* AppDelegate.h */,
				5DE6F84B1DC65AD1001DC7A5 /* AppDelegate.m */,
				5D5070D91DDE622300395B09 /* RootWindow.h */,
				5D5070DA1DDE622300395B09 /* RootWindow.m */,
				3F5A9F771DEC5C4400374A0E /* AppContext.h */,
				3F5A9F781DEC5C4400374A0E /* AppContext.m */,
				5DE6F8531DC65AD1001DC7A5 /* Assets.xcassets */,
				5DE6F8551DC65AD1001DC7A5 /* LaunchScreen.storyboard */,
				5DE6F8581DC65AD1001DC7A5 /* Info.plist */,
				5DE6F8471DC65AD1001DC7A5 /* Supporting Files */,
			);
			path = CurrencyConverter;
			sourceTree = "<group>";
		};
		5DE6F8471DC65AD1001DC7A5 /* Supporting Files */ = {
			isa = PBXGroup;
			children = (
				5DE6F8481DC65AD1001DC7A5 /* main.m */,
			);
			name = "Supporting Files";
			sourceTree = "<group>";
		};
		5DE6F8601DC65AD2001DC7A5 /* CurrencyConverterTests */ = {
			isa = PBXGroup;
			children = (
				5DE6F8611DC65AD2001DC7A5 /* CurrencyConverterTests.m */,
				5DE6F8631DC65AD2001DC7A5 /* Info.plist */,
			);
			path = CurrencyConverterTests;
			sourceTree = "<group>";
		};
		5DE6F86B1DC65AD2001DC7A5 /* CurrencyConverterUITests */ = {
			isa = PBXGroup;
			children = (
				5DE6F86C1DC65AD2001DC7A5 /* CurrencyConverterUITests.m */,
				5DE6F86E1DC65AD2001DC7A5 /* Info.plist */,
			);
			path = CurrencyConverterUITests;
			sourceTree = "<group>";
		};
		5DE6F87A1DC65B8F001DC7A5 /* Frameworks */ = {
			isa = PBXGroup;
			children = (
				5DE6F87B1DC65B8F001DC7A5 /* UIKit.framework */,
			);
			name = Frameworks;
			sourceTree = "<group>";
		};
		5DE6F87D1DC65FB6001DC7A5 /* UI */ = {
			isa = PBXGroup;
			children = (
				5DE6F87E1DC65FF5001DC7A5 /* CurrencyViewController.h */,
				5DE6F87F1DC65FF5001DC7A5 /* CurrencyViewController.m */,
				3FEC43321DCDCF920020FBDB /* CurrencyViewController.xib */,
				3FEC433E1DCDECC70020FBDB /* TableViewController.h */,
				3FEC433F1DCDECC70020FBDB /* TableViewController.m */,
				3FEC43401DCDECC70020FBDB /* TableViewController.xib */,
				8432D7891DF45BA500A24245 /* HIstoryCurrencyRates.h */,
				8432D78A1DF45BA500A24245 /* HIstoryCurrencyRates.m */,
				8432D78B1DF45BA500A24245 /* HIstoryCurrencyRates.xib */,
				5DEDDEC21DCFAEEB005E2A02 /* MyTableViewControllerProtocol.h */,
				5D0AD2E81DD92D9800A55AC3 /* CurrencyManager.h */,
				5D0AD2E91DD92D9800A55AC3 /* CurrencyManager.m */,
				5D0AD2EB1DD9363200A55AC3 /* DataSource.h */,
				5D0AD2EC1DD9363200A55AC3 /* DataSource.m */,
				5D90EADC1DCD4F7000323819 /* MyUITextField.h */,
				5D90EADD1DCD4F7000323819 /* MyUITextField.m */,
			);
			name = UI;
			sourceTree = "<group>";
		};
/* End PBXGroup section */

/* Begin PBXNativeTarget section */
		5DE6F8431DC65AD1001DC7A5 /* CurrencyConverter */ = {
			isa = PBXNativeTarget;
			buildConfigurationList = 5DE6F8711DC65AD2001DC7A5 /* Build configuration list for PBXNativeTarget "CurrencyConverter" */;
			buildPhases = (
				5DE6F8401DC65AD1001DC7A5 /* Sources */,
				5DE6F8411DC65AD1001DC7A5 /* Frameworks */,
				5DE6F8421DC65AD1001DC7A5 /* Resources */,
			);
			buildRules = (
			);
			dependencies = (
			);
			name = CurrencyConverter;
			productName = CurrencyConverter;
			productReference = 5DE6F8441DC65AD1001DC7A5 /* CurrencyConverter.app */;
			productType = "com.apple.product-type.application";
		};
		5DE6F85C1DC65AD2001DC7A5 /* CurrencyConverterTests */ = {
			isa = PBXNativeTarget;
			buildConfigurationList = 5DE6F8741DC65AD2001DC7A5 /* Build configuration list for PBXNativeTarget "CurrencyConverterTests" */;
			buildPhases = (
				5DE6F8591DC65AD2001DC7A5 /* Sources */,
				5DE6F85A1DC65AD2001DC7A5 /* Frameworks */,
				5DE6F85B1DC65AD2001DC7A5 /* Resources */,
			);
			buildRules = (
			);
			dependencies = (
				5DE6F85F1DC65AD2001DC7A5 /* PBXTargetDependency */,
			);
			name = CurrencyConverterTests;
			productName = CurrencyConverterTests;
			productReference = 5DE6F85D1DC65AD2001DC7A5 /* CurrencyConverterTests.xctest */;
			productType = "com.apple.product-type.bundle.unit-test";
		};
		5DE6F8671DC65AD2001DC7A5 /* CurrencyConverterUITests */ = {
			isa = PBXNativeTarget;
			buildConfigurationList = 5DE6F8771DC65AD2001DC7A5 /* Build configuration list for PBXNativeTarget "CurrencyConverterUITests" */;
			buildPhases = (
				5DE6F8641DC65AD2001DC7A5 /* Sources */,
				5DE6F8651DC65AD2001DC7A5 /* Frameworks */,
				5DE6F8661DC65AD2001DC7A5 /* Resources */,
			);
			buildRules = (
			);
			dependencies = (
				5DE6F86A1DC65AD2001DC7A5 /* PBXTargetDependency */,
			);
			name = CurrencyConverterUITests;
			productName = CurrencyConverterUITests;
			productReference = 5DE6F8681DC65AD2001DC7A5 /* CurrencyConverterUITests.xctest */;
			productType = "com.apple.product-type.bundle.ui-testing";
		};
/* End PBXNativeTarget section */

/* Begin PBXProject section */
		5DE6F83C1DC65AD1001DC7A5 /* Project object */ = {
			isa = PBXProject;
			attributes = {
				LastUpgradeCheck = 0800;
				ORGANIZATIONNAME = ArtemBerezovskiy;
				TargetAttributes = {
					5DE6F8431DC65AD1001DC7A5 = {
						CreatedOnToolsVersion = 8.0;
						ProvisioningStyle = Automatic;
					};
					5DE6F85C1DC65AD2001DC7A5 = {
						CreatedOnToolsVersion = 8.0;
						ProvisioningStyle = Automatic;
						TestTargetID = 5DE6F8431DC65AD1001DC7A5;
					};
					5DE6F8671DC65AD2001DC7A5 = {
						CreatedOnToolsVersion = 8.0;
						ProvisioningStyle = Automatic;
						TestTargetID = 5DE6F8431DC65AD1001DC7A5;
					};
				};
			};
			buildConfigurationList = 5DE6F83F1DC65AD1001DC7A5 /* Build configuration list for PBXProject "CurrencyConverter" */;
			compatibilityVersion = "Xcode 3.2";
			developmentRegion = English;
			hasScannedForEncodings = 0;
			knownRegions = (
				en,
				Base,
			);
			mainGroup = 5DE6F83B1DC65AD1001DC7A5;
			productRefGroup = 5DE6F8451DC65AD1001DC7A5 /* Products */;
			projectDirPath = "";
			projectRoot = "";
			targets = (
				5DE6F8431DC65AD1001DC7A5 /* CurrencyConverter */,
				5DE6F85C1DC65AD2001DC7A5 /* CurrencyConverterTests */,
				5DE6F8671DC65AD2001DC7A5 /* CurrencyConverterUITests */,
			);
		};
/* End PBXProject section */

/* Begin PBXResourcesBuildPhase section */
		5DE6F8421DC65AD1001DC7A5 /* Resources */ = {
			isa = PBXResourcesBuildPhase;
			buildActionMask = 2147483647;
			files = (
				5DE6F8571DC65AD1001DC7A5 /* LaunchScreen.storyboard in Resources */,
				84404AAD1DEDAC4A002A6A07 /* config.plist in Resources */,
				5DE6F8541DC65AD1001DC7A5 /* Assets.xcassets in Resources */,
				8432D78D1DF45BA600A24245 /* HIstoryCurrencyRates.xib in Resources */,
				3FEC43331DCDCF920020FBDB /* CurrencyViewController.xib in Resources */,
				3FEC43421DCDECC70020FBDB /* TableViewController.xib in Resources */,
			);
			runOnlyForDeploymentPostprocessing = 0;
		};
		5DE6F85B1DC65AD2001DC7A5 /* Resources */ = {
			isa = PBXResourcesBuildPhase;
			buildActionMask = 2147483647;
			files = (
			);
			runOnlyForDeploymentPostprocessing = 0;
		};
		5DE6F8661DC65AD2001DC7A5 /* Resources */ = {
			isa = PBXResourcesBuildPhase;
			buildActionMask = 2147483647;
			files = (
			);
			runOnlyForDeploymentPostprocessing = 0;
		};
/* End PBXResourcesBuildPhase section */

/* Begin PBXSourcesBuildPhase section */
		5DE6F8401DC65AD1001DC7A5 /* Sources */ = {
			isa = PBXSourcesBuildPhase;
			buildActionMask = 2147483647;
			files = (
				3F5A9F761DEC568A00374A0E /* ApiConfig.m in Sources */,
				8432D78C1DF45BA600A24245 /* HIstoryCurrencyRates.m in Sources */,
				5DE6F84C1DC65AD1001DC7A5 /* AppDelegate.m in Sources */,
				3FEC43411DCDECC70020FBDB /* TableViewController.m in Sources */,
				84404AAB1DEDAA6D002A6A07 /* ApiHelper.m in Sources */,
				5D0AD2ED1DD9363200A55AC3 /* DataSource.m in Sources */,
				3F5A9F791DEC5C4400374A0E /* AppContext.m in Sources */,
				5D0AD2E71DD9277800A55AC3 /* CurrencyModel.m in Sources */,
				5DE6F8801DC65FF5001DC7A5 /* CurrencyViewController.m in Sources */,
				5DE6F8491DC65AD1001DC7A5 /* main.m in Sources */,
				5D5070DB1DDE622300395B09 /* RootWindow.m in Sources */,
				8432D7901DF4607500A24245 /* HystoryCurrencyManager.m in Sources */,
				5D90EADE1DCD4F7000323819 /* MyUITextField.m in Sources */,
				5D0AD2EA1DD92D9800A55AC3 /* CurrencyManager.m in Sources */,
			);
			runOnlyForDeploymentPostprocessing = 0;
		};
		5DE6F8591DC65AD2001DC7A5 /* Sources */ = {
			isa = PBXSourcesBuildPhase;
			buildActionMask = 2147483647;
			files = (
				5DE6F8621DC65AD2001DC7A5 /* CurrencyConverterTests.m in Sources */,
			);
			runOnlyForDeploymentPostprocessing = 0;
		};
		5DE6F8641DC65AD2001DC7A5 /* Sources */ = {
			isa = PBXSourcesBuildPhase;
			buildActionMask = 2147483647;
			files = (
				5DE6F86D1DC65AD2001DC7A5 /* CurrencyConverterUITests.m in Sources */,
			);
			runOnlyForDeploymentPostprocessing = 0;
		};
/* End PBXSourcesBuildPhase section */

/* Begin PBXTargetDependency section */
		5DE6F85F1DC65AD2001DC7A5 /* PBXTargetDependency */ = {
			isa = PBXTargetDependency;
			target = 5DE6F8431DC65AD1001DC7A5 /* CurrencyConverter */;
			targetProxy = 5DE6F85E1DC65AD2001DC7A5 /* PBXContainerItemProxy */;
		};
		5DE6F86A1DC65AD2001DC7A5 /* PBXTargetDependency */ = {
			isa = PBXTargetDependency;
			target = 5DE6F8431DC65AD1001DC7A5 /* CurrencyConverter */;
			targetProxy = 5DE6F8691DC65AD2001DC7A5 /* PBXContainerItemProxy */;
		};
/* End PBXTargetDependency section */

/* Begin PBXVariantGroup section */
		5DE6F8551DC65AD1001DC7A5 /* LaunchScreen.storyboard */ = {
			isa = PBXVariantGroup;
			children = (
				5DE6F8561DC65AD1001DC7A5 /* Base */,
			);
			name = LaunchScreen.storyboard;
			sourceTree = "<group>";
		};
/* End PBXVariantGroup section */

/* Begin XCBuildConfiguration section */
		5DE6F86F1DC65AD2001DC7A5 /* Debug */ = {
			isa = XCBuildConfiguration;
			buildSettings = {
				ALWAYS_SEARCH_USER_PATHS = NO;
				CLANG_ANALYZER_NONNULL = YES;
				CLANG_CXX_LANGUAGE_STANDARD = "gnu++0x";
				CLANG_CXX_LIBRARY = "libc++";
				CLANG_ENABLE_MODULES = YES;
				CLANG_ENABLE_OBJC_ARC = YES;
				CLANG_WARN_BOOL_CONVERSION = YES;
				CLANG_WARN_CONSTANT_CONVERSION = YES;
				CLANG_WARN_DIRECT_OBJC_ISA_USAGE = YES_ERROR;
				CLANG_WARN_DOCUMENTATION_COMMENTS = YES;
				CLANG_WARN_EMPTY_BODY = YES;
				CLANG_WARN_ENUM_CONVERSION = YES;
				CLANG_WARN_INFINITE_RECURSION = YES;
				CLANG_WARN_INT_CONVERSION = YES;
				CLANG_WARN_OBJC_ROOT_CLASS = YES_ERROR;
				CLANG_WARN_SUSPICIOUS_MOVES = YES;
				CLANG_WARN_UNREACHABLE_CODE = YES;
				CLANG_WARN__DUPLICATE_METHOD_MATCH = YES;
				"CODE_SIGN_IDENTITY[sdk=iphoneos*]" = "iPhone Developer";
				COPY_PHASE_STRIP = NO;
				DEBUG_INFORMATION_FORMAT = dwarf;
				ENABLE_STRICT_OBJC_MSGSEND = YES;
				ENABLE_TESTABILITY = YES;
				GCC_C_LANGUAGE_STANDARD = gnu99;
				GCC_DYNAMIC_NO_PIC = NO;
				GCC_NO_COMMON_BLOCKS = YES;
				GCC_OPTIMIZATION_LEVEL = 0;
				GCC_PREPROCESSOR_DEFINITIONS = (
					"DEBUG=1",
					"$(inherited)",
				);
				GCC_WARN_64_TO_32_BIT_CONVERSION = YES;
				GCC_WARN_ABOUT_RETURN_TYPE = YES_ERROR;
				GCC_WARN_UNDECLARED_SELECTOR = YES;
				GCC_WARN_UNINITIALIZED_AUTOS = YES_AGGRESSIVE;
				GCC_WARN_UNUSED_FUNCTION = YES;
				GCC_WARN_UNUSED_VARIABLE = YES;
				IPHONEOS_DEPLOYMENT_TARGET = 10.0;
				MTL_ENABLE_DEBUG_INFO = YES;
				ONLY_ACTIVE_ARCH = YES;
				SDKROOT = iphoneos;
				TARGETED_DEVICE_FAMILY = "1,2";
			};
			name = Debug;
		};
		5DE6F8701DC65AD2001DC7A5 /* Release */ = {
			isa = XCBuildConfiguration;
			buildSettings = {
				ALWAYS_SEARCH_USER_PATHS = NO;
				CLANG_ANALYZER_NONNULL = YES;
				CLANG_CXX_LANGUAGE_STANDARD = "gnu++0x";
				CLANG_CXX_LIBRARY = "libc++";
				CLANG_ENABLE_MODULES = YES;
				CLANG_ENABLE_OBJC_ARC = YES;
				CLANG_WARN_BOOL_CONVERSION = YES;
				CLANG_WARN_CONSTANT_CONVERSION = YES;
				CLANG_WARN_DIRECT_OBJC_ISA_USAGE = YES_ERROR;
				CLANG_WARN_DOCUMENTATION_COMMENTS = YES;
				CLANG_WARN_EMPTY_BODY = YES;
				CLANG_WARN_ENUM_CONVERSION = YES;
				CLANG_WARN_INFINITE_RECURSION = YES;
				CLANG_WARN_INT_CONVERSION = YES;
				CLANG_WARN_OBJC_ROOT_CLASS = YES_ERROR;
				CLANG_WARN_SUSPICIOUS_MOVES = YES;
				CLANG_WARN_UNREACHABLE_CODE = YES;
				CLANG_WARN__DUPLICATE_METHOD_MATCH = YES;
				"CODE_SIGN_IDENTITY[sdk=iphoneos*]" = "iPhone Developer";
				COPY_PHASE_STRIP = NO;
				DEBUG_INFORMATION_FORMAT = "dwarf-with-dsym";
				ENABLE_NS_ASSERTIONS = NO;
				ENABLE_STRICT_OBJC_MSGSEND = YES;
				GCC_C_LANGUAGE_STANDARD = gnu99;
				GCC_NO_COMMON_BLOCKS = YES;
				GCC_WARN_64_TO_32_BIT_CONVERSION = YES;
				GCC_WARN_ABOUT_RETURN_TYPE = YES_ERROR;
				GCC_WARN_UNDECLARED_SELECTOR = YES;
				GCC_WARN_UNINITIALIZED_AUTOS = YES_AGGRESSIVE;
				GCC_WARN_UNUSED_FUNCTION = YES;
				GCC_WARN_UNUSED_VARIABLE = YES;
				IPHONEOS_DEPLOYMENT_TARGET = 10.0;
				MTL_ENABLE_DEBUG_INFO = NO;
				SDKROOT = iphoneos;
				TARGETED_DEVICE_FAMILY = "1,2";
				VALIDATE_PRODUCT = YES;
			};
			name = Release;
		};
		5DE6F8721DC65AD2001DC7A5 /* Debug */ = {
			isa = XCBuildConfiguration;
			buildSettings = {
				ASSETCATALOG_COMPILER_APPICON_NAME = AppIcon;
				INFOPLIST_FILE = CurrencyConverter/Info.plist;
				IPHONEOS_DEPLOYMENT_TARGET = 10.0;
				LD_RUNPATH_SEARCH_PATHS = "$(inherited) @executable_path/Frameworks";
				PRODUCT_BUNDLE_IDENTIFIER = AB.CurrencyConverter;
				PRODUCT_NAME = "$(TARGET_NAME)";
				TARGETED_DEVICE_FAMILY = 1;
			};
			name = Debug;
		};
		5DE6F8731DC65AD2001DC7A5 /* Release */ = {
			isa = XCBuildConfiguration;
			buildSettings = {
				ASSETCATALOG_COMPILER_APPICON_NAME = AppIcon;
				INFOPLIST_FILE = CurrencyConverter/Info.plist;
				IPHONEOS_DEPLOYMENT_TARGET = 10.0;
				LD_RUNPATH_SEARCH_PATHS = "$(inherited) @executable_path/Frameworks";
				PRODUCT_BUNDLE_IDENTIFIER = AB.CurrencyConverter;
				PRODUCT_NAME = "$(TARGET_NAME)";
				TARGETED_DEVICE_FAMILY = 1;
			};
			name = Release;
		};
		5DE6F8751DC65AD2001DC7A5 /* Debug */ = {
			isa = XCBuildConfiguration;
			buildSettings = {
				BUNDLE_LOADER = "$(TEST_HOST)";
				INFOPLIST_FILE = CurrencyConverterTests/Info.plist;
				LD_RUNPATH_SEARCH_PATHS = "$(inherited) @executable_path/Frameworks @loader_path/Frameworks";
				PRODUCT_BUNDLE_IDENTIFIER = AB.CurrencyConverterTests;
				PRODUCT_NAME = "$(TARGET_NAME)";
				TEST_HOST = "$(BUILT_PRODUCTS_DIR)/CurrencyConverter.app/CurrencyConverter";
			};
			name = Debug;
		};
		5DE6F8761DC65AD2001DC7A5 /* Release */ = {
			isa = XCBuildConfiguration;
			buildSettings = {
				BUNDLE_LOADER = "$(TEST_HOST)";
				INFOPLIST_FILE = CurrencyConverterTests/Info.plist;
				LD_RUNPATH_SEARCH_PATHS = "$(inherited) @executable_path/Frameworks @loader_path/Frameworks";
				PRODUCT_BUNDLE_IDENTIFIER = AB.CurrencyConverterTests;
				PRODUCT_NAME = "$(TARGET_NAME)";
				TEST_HOST = "$(BUILT_PRODUCTS_DIR)/CurrencyConverter.app/CurrencyConverter";
			};
			name = Release;
		};
		5DE6F8781DC65AD2001DC7A5 /* Debug */ = {
			isa = XCBuildConfiguration;
			buildSettings = {
				INFOPLIST_FILE = CurrencyConverterUITests/Info.plist;
				LD_RUNPATH_SEARCH_PATHS = "$(inherited) @executable_path/Frameworks @loader_path/Frameworks";
				PRODUCT_BUNDLE_IDENTIFIER = AB.CurrencyConverterUITests;
				PRODUCT_NAME = "$(TARGET_NAME)";
				TEST_TARGET_NAME = CurrencyConverter;
			};
			name = Debug;
		};
		5DE6F8791DC65AD2001DC7A5 /* Release */ = {
			isa = XCBuildConfiguration;
			buildSettings = {
				INFOPLIST_FILE = CurrencyConverterUITests/Info.plist;
				LD_RUNPATH_SEARCH_PATHS = "$(inherited) @executable_path/Frameworks @loader_path/Frameworks";
				PRODUCT_BUNDLE_IDENTIFIER = AB.CurrencyConverterUITests;
				PRODUCT_NAME = "$(TARGET_NAME)";
				TEST_TARGET_NAME = CurrencyConverter;
			};
			name = Release;
		};
/* End XCBuildConfiguration section */

/* Begin XCConfigurationList section */
		5DE6F83F1DC65AD1001DC7A5 /* Build configuration list for PBXProject "CurrencyConverter" */ = {
			isa = XCConfigurationList;
			buildConfigurations = (
				5DE6F86F1DC65AD2001DC7A5 /* Debug */,
				5DE6F8701DC65AD2001DC7A5 /* Release */,
			);
			defaultConfigurationIsVisible = 0;
			defaultConfigurationName = Release;
		};
		5DE6F8711DC65AD2001DC7A5 /* Build configuration list for PBXNativeTarget "CurrencyConverter" */ = {
			isa = XCConfigurationList;
			buildConfigurations = (
				5DE6F8721DC65AD2001DC7A5 /* Debug */,
				5DE6F8731DC65AD2001DC7A5 /* Release */,
			);
			defaultConfigurationIsVisible = 0;
			defaultConfigurationName = Release;
		};
		5DE6F8741DC65AD2001DC7A5 /* Build configuration list for PBXNativeTarget "CurrencyConverterTests" */ = {
			isa = XCConfigurationList;
			buildConfigurations = (
				5DE6F8751DC65AD2001DC7A5 /* Debug */,
				5DE6F8761DC65AD2001DC7A5 /* Release */,
			);
			defaultConfigurationIsVisible = 0;
			defaultConfigurationName = Release;
		};
		5DE6F8771DC65AD2001DC7A5 /* Build configuration list for PBXNativeTarget "CurrencyConverterUITests" */ = {
			isa = XCConfigurationList;
			buildConfigurations = (
				5DE6F8781DC65AD2001DC7A5 /* Debug */,
				5DE6F8791DC65AD2001DC7A5 /* Release */,
			);
			defaultConfigurationIsVisible = 0;
			defaultConfigurationName = Release;
		};
/* End XCConfigurationList section */
	};
	rootObject = 5DE6F83C1DC65AD1001DC7A5 /* Project object */;
}
